
Microsoft Visual Studio Solution File, Format Version 12.00
# Visual Studio Version 17
VisualStudioVersion = 17.11.35327.3
MinimumVisualStudioVersion = 10.0.40219.1
Project("{FAE04EC0-301F-11D3-BF4B-00C04F79EFBC}") = "kt20th11", "kt20th11.csproj", "{5F57759D-B7EB-437A-8437-309EA9AF165F}"
EndProject
Global
	GlobalSection(SolutionConfigurationPlatforms) = preSolution
		Debug|Any CPU = Debug|Any CPU
		Release|Any CPU = Release|Any CPU
	EndGlobalSection
	GlobalSection(ProjectConfigurationPlatforms) = postSolution
		{5F57759D-B7EB-437A-8437-309EA9AF165F}.Debug|Any CPU.ActiveCfg = Debug|Any CPU
		{5F57759D-B7EB-437A-8437-309EA9AF165F}.Debug|Any CPU.Build.0 = Debug|Any CPU
		{5F57759D-B7EB-437A-8437-309EA9AF165F}.Release|Any CPU.ActiveCfg = Release|Any CPU
		{5F57759D-B7EB-437A-8437-309EA9AF165F}.Release|Any CPU.Build.0 = Release|Any CPU
	EndGlobalSection
	GlobalSection(SolutionProperties) = preSolution
		HideSolutionNode = FALSE
	EndGlobalSection
	GlobalSection(ExtensibilityGlobals) = postSolution
		SolutionGuid = {6B2528C3-40D8-462D-BA30-21D674E6356B}
	EndGlobalSection
EndGlobal
